
Microsoft Visual Studio Solution File, Format Version 11.00
# Visual Studio 2010
Project("{FAE04EC0-301F-11D3-BF4B-00C04F79EFBC}") = "Dsl", "Dsl\Dsl.csproj", "{A5FF9E79-6567-4C55-8B00-8FA3B7DC9280}"
EndProject
Project("{FAE04EC0-301F-11D3-BF4B-00C04F79EFBC}") = "UI", "UI\UI.csproj", "{272880DF-0D6B-4C72-97CB-2644E35E2F89}"
EndProject
Project("{FAE04EC0-301F-11D3-BF4B-00C04F79EFBC}") = "DslPackage", "DslPackage\DslPackage.csproj", "{3B2E0A67-63C4-4B24-8A40-7825622AD7FC}"
EndProject
Global
	GlobalSection(SolutionConfigurationPlatforms) = preSolution
		Debug|Any CPU = Debug|Any CPU
		Release|Any CPU = Release|Any CPU
	EndGlobalSection
	GlobalSection(ProjectConfigurationPlatforms) = postSolution
		{A5FF9E79-6567-4C55-8B00-8FA3B7DC9280}.Debug|Any CPU.ActiveCfg = Debug|Any CPU
		{A5FF9E79-6567-4C55-8B00-8FA3B7DC9280}.Debug|Any CPU.Build.0 = Debug|Any CPU
		{A5FF9E79-6567-4C55-8B00-8FA3B7DC9280}.Release|Any CPU.ActiveCfg = Release|Any CPU
		{A5FF9E79-6567-4C55-8B00-8FA3B7DC9280}.Release|Any CPU.Build.0 = Release|Any CPU
		{272880DF-0D6B-4C72-97CB-2644E35E2F89}.Debug|Any CPU.ActiveCfg = Debug|Any CPU
		{272880DF-0D6B-4C72-97CB-2644E35E2F89}.Debug|Any CPU.Build.0 = Debug|Any CPU
		{272880DF-0D6B-4C72-97CB-2644E35E2F89}.Release|Any CPU.ActiveCfg = Release|Any CPU
		{272880DF-0D6B-4C72-97CB-2644E35E2F89}.Release|Any CPU.Build.0 = Release|Any CPU
		{3B2E0A67-63C4-4B24-8A40-7825622AD7FC}.Debug|Any CPU.ActiveCfg = Debug|Any CPU
		{3B2E0A67-63C4-4B24-8A40-7825622AD7FC}.Debug|Any CPU.Build.0 = Debug|Any CPU
		{3B2E0A67-63C4-4B24-8A40-7825622AD7FC}.Release|Any CPU.ActiveCfg = Release|Any CPU
		{3B2E0A67-63C4-4B24-8A40-7825622AD7FC}.Release|Any CPU.Build.0 = Release|Any CPU
	EndGlobalSection
	GlobalSection(SolutionProperties) = preSolution
		HideSolutionNode = FALSE
	EndGlobalSection
EndGlobal
